
Microsoft Visual Studio Solution File, Format Version 12.00
# Visual Studio Version 16
VisualStudioVersion = 16.0.30523.141
MinimumVisualStudioVersion = 10.0.40219.1
Project("{FAE04EC0-301F-11D3-BF4B-00C04F79EFBC}") = "software_engineer_class", "software_engineer_class\software_engineer_class.csproj", "{67965A1E-B670-42C7-B8C0-FBFB959AA413}"
EndProject
Global
	GlobalSection(SolutionConfigurationPlatforms) = preSolution
		Debug|Any CPU = Debug|Any CPU
		Release|Any CPU = Release|Any CPU
	EndGlobalSection
	GlobalSection(ProjectConfigurationPlatforms) = postSolution
		{67965A1E-B670-42C7-B8C0-FBFB959AA413}.Debug|Any CPU.ActiveCfg = Debug|Any CPU
		{67965A1E-B670-42C7-B8C0-FBFB959AA413}.Debug|Any CPU.Build.0 = Debug|Any CPU
		{67965A1E-B670-42C7-B8C0-FBFB959AA413}.Release|Any CPU.ActiveCfg = Release|Any CPU
		{67965A1E-B670-42C7-B8C0-FBFB959AA413}.Release|Any CPU.Build.0 = Release|Any CPU
	EndGlobalSection
	GlobalSection(SolutionProperties) = preSolution
		HideSolutionNode = FALSE
	EndGlobalSection
	GlobalSection(ExtensibilityGlobals) = postSolution
		SolutionGuid = {671AFABA-7FEA-4DF1-B9CA-AB05FC53F7B3}
	EndGlobalSection
EndGlobal
