
Microsoft Visual Studio Solution File, Format Version 12.00
# Visual Studio Version 16
VisualStudioVersion = 16.0.30523.141
MinimumVisualStudioVersion = 10.0.40219.1
Project("{FAE04EC0-301F-11D3-BF4B-00C04F79EFBC}") = "generic delegates", "generic delegates\generic delegates.csproj", "{FD674C7F-4CD5-4822-88BF-1FA8F88865E2}"
EndProject
Global
	GlobalSection(SolutionConfigurationPlatforms) = preSolution
		Debug|Any CPU = Debug|Any CPU
		Release|Any CPU = Release|Any CPU
	EndGlobalSection
	GlobalSection(ProjectConfigurationPlatforms) = postSolution
		{FD674C7F-4CD5-4822-88BF-1FA8F88865E2}.Debug|Any CPU.ActiveCfg = Debug|Any CPU
		{FD674C7F-4CD5-4822-88BF-1FA8F88865E2}.Debug|Any CPU.Build.0 = Debug|Any CPU
		{FD674C7F-4CD5-4822-88BF-1FA8F88865E2}.Release|Any CPU.ActiveCfg = Release|Any CPU
		{FD674C7F-4CD5-4822-88BF-1FA8F88865E2}.Release|Any CPU.Build.0 = Release|Any CPU
	EndGlobalSection
	GlobalSection(SolutionProperties) = preSolution
		HideSolutionNode = FALSE
	EndGlobalSection
	GlobalSection(ExtensibilityGlobals) = postSolution
		SolutionGuid = {E3783006-8F62-42AC-89D7-A1451D579DFA}
	EndGlobalSection
EndGlobal
